lockfileVersion: '9.0'

settings:
  autoInstallPeers: true
  excludeLinksFromLockfile: false

importers:

  .:
    dependencies:
      '@openzeppelin/contracts':
        specifier: ^4.9
        version: 4.9.6
      '@openzeppelin/contracts-upgradeable':
        specifier: ^4.9
        version: 4.9.6

packages:

  '@openzeppelin/contracts-upgradeable@4.9.6':
    resolution: {integrity: sha512-m4iHazOsOCv1DgM7eD7GupTJ+NFVujRZt1wzddDPSVGpWdKq1SKkla5htKG7+IS4d2XOCtzkUNwRZ7Vq5aEUMA==}

  '@openzeppelin/contracts@4.9.6':
    resolution: {integrity: sha512-xSmezSupL+y9VkHZJGDoCBpmnB2ogM13ccaYDWqJTfS3dbuHkgjuwDFUmaFauBCboQMGB/S5UqUl2y54X99BmA==}

snapshots:

  '@openzeppelin/contracts-upgradeable@4.9.6': {}

  '@openzeppelin/contracts@4.9.6': {}
